// !$*UTF8*$!
{
	archiveVersion = 1;
	classes = {
	};
	objectVersion = 46;
	objects = {

/* Begin PBXBuildFile section */
		492E5F341E9578E600A75DEC /* AppDelegate.swift in Sources */ = {isa = PBXBuildFile; fileRef = 492E5F331E9578E600A75DEC /* AppDelegate.swift */; };
		492E5F491E9578E600A75DEC /* pinterestSwiftTests.swift in Sources */ = {isa = PBXBuildFile; fileRef = 492E5F481E9578E600A75DEC /* pinterestSwiftTests.swift */; };
		492E5F541E9578E600A75DEC /* pinterestSwiftUITests.swift in Sources */ = {isa = PBXBuildFile; fileRef = 492E5F531E9578E600A75DEC /* pinterestSwiftUITests.swift */; };
		497C8B341E98870900868C78 /* ContentViewController.swift in Sources */ = {isa = PBXBuildFile; fileRef = 497C8B0C1E98870900868C78 /* ContentViewController.swift */; };
		497C8B361E98870900868C78 /* FavoritosTableViewController.swift in Sources */ = {isa = PBXBuildFile; fileRef = 497C8B0E1E98870900868C78 /* FavoritosTableViewController.swift */; };
		497C8B381E98870900868C78 /* MenuDeslizanteController.swift in Sources */ = {isa = PBXBuildFile; fileRef = 497C8B101E98870900868C78 /* MenuDeslizanteController.swift */; };
		497C8B391E98870900868C78 /* MenuPlatillos.swift in Sources */ = {isa = PBXBuildFile; fileRef = 497C8B111E98870900868C78 /* MenuPlatillos.swift */; };
		497C8B3A1E98870900868C78 /* MenuPlatillosTableViewCell.swift in Sources */ = {isa = PBXBuildFile; fileRef = 497C8B121E98870900868C78 /* MenuPlatillosTableViewCell.swift */; };
		497C8B3D1E98870900868C78 /* PageItemController.swift in Sources */ = {isa = PBXBuildFile; fileRef = 497C8B151E98870900868C78 /* PageItemController.swift */; };
		497C8B3F1E98870900868C78 /* PerfilViewController.swift in Sources */ = {isa = PBXBuildFile; fileRef = 497C8B171E98870900868C78 /* PerfilViewController.swift */; };
		497C8B401E98870900868C78 /* PlatillosViewController.swift in Sources */ = {isa = PBXBuildFile; fileRef = 497C8B181E98870900868C78 /* PlatillosViewController.swift */; };
		497C8B411E98870900868C78 /* PopUpViewControllerCompartir.swift in Sources */ = {isa = PBXBuildFile; fileRef = 497C8B191E98870900868C78 /* PopUpViewControllerCompartir.swift */; };
		497C8B421E98870900868C78 /* PopUpViewControllerDescripcion.swift in Sources */ = {isa = PBXBuildFile; fileRef = 497C8B1A1E98870900868C78 /* PopUpViewControllerDescripcion.swift */; };
		497C8B451E98870900868C78 /* PopUpViewControllerRecuperar.swift in Sources */ = {isa = PBXBuildFile; fileRef = 497C8B1D1E98870900868C78 /* PopUpViewControllerRecuperar.swift */; };
		497C8B461E98870900868C78 /* PopUpViewControllerRegistro.swift in Sources */ = {isa = PBXBuildFile; fileRef = 497C8B1E1E98870900868C78 /* PopUpViewControllerRegistro.swift */; };
		497C8B4A1E98870900868C78 /* PrincipalTableViewCell.swift in Sources */ = {isa = PBXBuildFile; fileRef = 497C8B221E98870900868C78 /* PrincipalTableViewCell.swift */; };
		497C8B4B1E98870900868C78 /* PrincipalTableViewController.swift in Sources */ = {isa = PBXBuildFile; fileRef = 497C8B231E98870900868C78 /* PrincipalTableViewController.swift */; };
		497C8B4C1E98870900868C78 /* Product.swift in Sources */ = {isa = PBXBuildFile; fileRef = 497C8B241E98870900868C78 /* Product.swift */; };
		497C8B4E1E98870900868C78 /* QuienesSomosViewController.swift in Sources */ = {isa = PBXBuildFile; fileRef = 497C8B261E98870900868C78 /* QuienesSomosViewController.swift */; };
		497C8B4F1E98870900868C78 /* RegalosTableViewController.swift in Sources */ = {isa = PBXBuildFile; fileRef = 497C8B271E98870900868C78 /* RegalosTableViewController.swift */; };
		497C8B501E98870900868C78 /* RegistroViewController.swift in Sources */ = {isa = PBXBuildFile; fileRef = 497C8B281E98870900868C78 /* RegistroViewController.swift */; };
		497C8B511E98870900868C78 /* SearchControllerBaseViewController.swift in Sources */ = {isa = PBXBuildFile; fileRef = 497C8B291E98870900868C78 /* SearchControllerBaseViewController.swift */; };
		497C8B521E98870900868C78 /* SearchResultsViewController.swift in Sources */ = {isa = PBXBuildFile; fileRef = 497C8B2A1E98870900868C78 /* SearchResultsViewController.swift */; };
		497C8B551E98870900868C78 /* TutorialViewController.swift in Sources */ = {isa = PBXBuildFile; fileRef = 497C8B2D1E98870900868C78 /* TutorialViewController.swift */; };
		497C8B561E98870900868C78 /* ViewController.swift in Sources */ = {isa = PBXBuildFile; fileRef = 497C8B2E1E98870900868C78 /* ViewController.swift */; };
		497C8B591E98872900868C78 /* Images.xcassets in Resources */ = {isa = PBXBuildFile; fileRef = 497C8B581E98872900868C78 /* Images.xcassets */; };
		497C8B621E98877200868C78 /* LaunchScreen.xib in Resources */ = {isa = PBXBuildFile; fileRef = 497C8B5E1E98877200868C78 /* LaunchScreen.xib */; };
		497C8B631E98877200868C78 /* Main.storyboard in Resources */ = {isa = PBXBuildFile; fileRef = 497C8B601E98877200868C78 /* Main.storyboard */; };
		497C8B671E98886F00868C78 /* FBSDKShareKit.framework in Frameworks */ = {isa = PBXBuildFile; fileRef = 497C8B661E98886F00868C78 /* FBSDKShareKit.framework */; };
		497C8B6A1E9888D300868C78 /* SWRevealViewController.m in Sources */ = {isa = PBXBuildFile; fileRef = 497C8B691E9888D300868C78 /* SWRevealViewController.m */; };
		499097A81E988D4F00FB5A35 /* PopUpViewControllerCompartir.xib in Resources */ = {isa = PBXBuildFile; fileRef = 499097A71E988D4F00FB5A35 /* PopUpViewControllerCompartir.xib */; };
		499097AA1E988D5A00FB5A35 /* PopUpViewControllerDescripcion.xib in Resources */ = {isa = PBXBuildFile; fileRef = 499097A91E988D5A00FB5A35 /* PopUpViewControllerDescripcion.xib */; };
		499097AC1E988D6500FB5A35 /* PopUpViewControllerRecuperar.xib in Resources */ = {isa = PBXBuildFile; fileRef = 499097AB1E988D6500FB5A35 /* PopUpViewControllerRecuperar.xib */; };
		499097AE1E988D7600FB5A35 /* PopUpViewControllerRegistro.xib in Resources */ = {isa = PBXBuildFile; fileRef = 499097AD1E988D7600FB5A35 /* PopUpViewControllerRegistro.xib */; };
		49F9539A1E9B481A009E50EF /* StoreKit.framework in Frameworks */ = {isa = PBXBuildFile; fileRef = 49F953991E9B481A009E50EF /* StoreKit.framework */; };
		563787191F5994C50098C12B /* RootViewController.swift in Sources */ = {isa = PBXBuildFile; fileRef = 563787181F5994C50098C12B /* RootViewController.swift */; };
		563787391F5F3BA40098C12B /* PaySuscriptionTableViewController.swift in Sources */ = {isa = PBXBuildFile; fileRef = 563787381F5F3BA40098C12B /* PaySuscriptionTableViewController.swift */; };
		5637873B1F5FFCC80098C12B /* SubscriptionService.swift in Sources */ = {isa = PBXBuildFile; fileRef = 5637873A1F5FFCC80098C12B /* SubscriptionService.swift */; };
		5637873D1F5FFD380098C12B /* Subscription.swift in Sources */ = {isa = PBXBuildFile; fileRef = 5637873C1F5FFD380098C12B /* Subscription.swift */; };
		563DE2CB1F6B155D004F35A8 /* CustomViewController.swift in Sources */ = {isa = PBXBuildFile; fileRef = 563DE2CA1F6B155D004F35A8 /* CustomViewController.swift */; };
		56572A971F56BD0800E5C224 /* SuscripcionViewController.swift in Sources */ = {isa = PBXBuildFile; fileRef = 56572A961F56BD0800E5C224 /* SuscripcionViewController.swift */; };
		567C07591F61410A006A459F /* PaidSubscription.swift in Sources */ = {isa = PBXBuildFile; fileRef = 567C07561F61410A006A459F /* PaidSubscription.swift */; };
		567C075A1F61410A006A459F /* Session.swift in Sources */ = {isa = PBXBuildFile; fileRef = 567C07571F61410A006A459F /* Session.swift */; };
		567C075B1F61410A006A459F /* SubService.swift in Sources */ = {isa = PBXBuildFile; fileRef = 567C07581F61410A006A459F /* SubService.swift */; };
		56F0D2D11F90DDD00069A3A3 /* GoogleService-Info.plist in Resources */ = {isa = PBXBuildFile; fileRef = 56F0D2D01F90DDD00069A3A3 /* GoogleService-Info.plist */; };
		E498B303570DC6C3B78DC422 /* Pods_CocinaMex.framework in Frameworks */ = {isa = PBXBuildFile; fileRef = 695FC1E4CFFE7A62C0473AD6 /* Pods_CocinaMex.framework */; };
/* End PBXBuildFile section */

/* Begin PBXContainerItemProxy section */
		492E5F451E9578E600A75DEC /* PBXContainerItemProxy */ = {
			isa = PBXContainerItemProxy;
			containerPortal = 492E5F281E9578E500A75DEC /* Project object */;
			proxyType = 1;
			remoteGlobalIDString = 492E5F2F1E9578E600A75DEC;
			remoteInfo = pinterestSwift;
		};
		492E5F501E9578E600A75DEC /* PBXContainerItemProxy */ = {
			isa = PBXContainerItemProxy;
			containerPortal = 492E5F281E9578E500A75DEC /* Project object */;
			proxyType = 1;
			remoteGlobalIDString = 492E5F2F1E9578E600A75DEC;
			remoteInfo = pinterestSwift;
		};
/* End PBXContainerItemProxy section */

/* Begin PBXFileReference section */
		492E5F301E9578E600A75DEC /* CocinaMex.app */ = {isa = PBXFileReference; explicitFileType = wrapper.application; includeInIndex = 0; path = CocinaMex.app; sourceTree = BUILT_PRODUCTS_DIR; };
		492E5F331E9578E600A75DEC /* AppDelegate.swift */ = {isa = PBXFileReference; lastKnownFileType = sourcecode.swift; path = AppDelegate.swift; sourceTree = "<group>"; };
		492E5F3F1E9578E600A75DEC /* Info.plist */ = {isa = PBXFileReference; lastKnownFileType = text.plist.xml; path = Info.plist; sourceTree = "<group>"; };
		492E5F441E9578E600A75DEC /* pinterestSwiftTests.xctest */ = {isa = PBXFileReference; explicitFileType = wrapper.cfbundle; includeInIndex = 0; path = pinterestSwiftTests.xctest; sourceTree = BUILT_PRODUCTS_DIR; };
		492E5F481E9578E600A75DEC /* pinterestSwiftTests.swift */ = {isa = PBXFileReference; lastKnownFileType = sourcecode.swift; path = pinterestSwiftTests.swift; sourceTree = "<group>"; };
		492E5F4A1E9578E600A75DEC /* Info.plist */ = {isa = PBXFileReference; lastKnownFileType = text.plist.xml; path = Info.plist; sourceTree = "<group>"; };
		492E5F4F1E9578E600A75DEC /* pinterestSwiftUITests.xctest */ = {isa = PBXFileReference; explicitFileType = wrapper.cfbundle; includeInIndex = 0; path = pinterestSwiftUITests.xctest; sourceTree = BUILT_PRODUCTS_DIR; };
		492E5F531E9578E600A75DEC /* pinterestSwiftUITests.swift */ = {isa = PBXFileReference; lastKnownFileType = sourcecode.swift; path = pinterestSwiftUITests.swift; sourceTree = "<group>"; };
		492E5F551E9578E600A75DEC /* Info.plist */ = {isa = PBXFileReference; lastKnownFileType = text.plist.xml; path = Info.plist; sourceTree = "<group>"; };
		497C8B0C1E98870900868C78 /* ContentViewController.swift */ = {isa = PBXFileReference; fileEncoding = 4; lastKnownFileType = sourcecode.swift; path = ContentViewController.swift; sourceTree = "<group>"; };
		497C8B0E1E98870900868C78 /* FavoritosTableViewController.swift */ = {isa = PBXFileReference; fileEncoding = 4; lastKnownFileType = sourcecode.swift; path = FavoritosTableViewController.swift; sourceTree = "<group>"; };
		497C8B101E98870900868C78 /* MenuDeslizanteController.swift */ = {isa = PBXFileReference; fileEncoding = 4; lastKnownFileType = sourcecode.swift; path = MenuDeslizanteController.swift; sourceTree = "<group>"; };
		497C8B111E98870900868C78 /* MenuPlatillos.swift */ = {isa = PBXFileReference; fileEncoding = 4; lastKnownFileType = sourcecode.swift; path = MenuPlatillos.swift; sourceTree = "<group>"; };
		497C8B121E98870900868C78 /* MenuPlatillosTableViewCell.swift */ = {isa = PBXFileReference; fileEncoding = 4; lastKnownFileType = sourcecode.swift; path = MenuPlatillosTableViewCell.swift; sourceTree = "<group>"; };
		497C8B151E98870900868C78 /* PageItemController.swift */ = {isa = PBXFileReference; fileEncoding = 4; lastKnownFileType = sourcecode.swift; path = PageItemController.swift; sourceTree = "<group>"; };
		497C8B171E98870900868C78 /* PerfilViewController.swift */ = {isa = PBXFileReference; fileEncoding = 4; lastKnownFileType = sourcecode.swift; path = PerfilViewController.swift; sourceTree = "<group>"; };
		497C8B181E98870900868C78 /* PlatillosViewController.swift */ = {isa = PBXFileReference; fileEncoding = 4; lastKnownFileType = sourcecode.swift; path = PlatillosViewController.swift; sourceTree = "<group>"; };
		497C8B191E98870900868C78 /* PopUpViewControllerCompartir.swift */ = {isa = PBXFileReference; fileEncoding = 4; lastKnownFileType = sourcecode.swift; path = PopUpViewControllerCompartir.swift; sourceTree = "<group>"; };
		497C8B1A1E98870900868C78 /* PopUpViewControllerDescripcion.swift */ = {isa = PBXFileReference; fileEncoding = 4; lastKnownFileType = sourcecode.swift; path = PopUpViewControllerDescripcion.swift; sourceTree = "<group>"; };
		497C8B1D1E98870900868C78 /* PopUpViewControllerRecuperar.swift */ = {isa = PBXFileReference; fileEncoding = 4; lastKnownFileType = sourcecode.swift; path = PopUpViewControllerRecuperar.swift; sourceTree = "<group>"; };
		497C8B1E1E98870900868C78 /* PopUpViewControllerRegistro.swift */ = {isa = PBXFileReference; fileEncoding = 4; lastKnownFileType = sourcecode.swift; path = PopUpViewControllerRegistro.swift; sourceTree = "<group>"; };
		497C8B221E98870900868C78 /* PrincipalTableViewCell.swift */ = {isa = PBXFileReference; fileEncoding = 4; lastKnownFileType = sourcecode.swift; path = PrincipalTableViewCell.swift; sourceTree = "<group>"; };
		497C8B231E98870900868C78 /* PrincipalTableViewController.swift */ = {isa = PBXFileReference; fileEncoding = 4; lastKnownFileType = sourcecode.swift; path = PrincipalTableViewController.swift; sourceTree = "<group>"; };
		497C8B241E98870900868C78 /* Product.swift */ = {isa = PBXFileReference; fileEncoding = 4; lastKnownFileType = sourcecode.swift; path = Product.swift; sourceTree = "<group>"; };
		497C8B261E98870900868C78 /* QuienesSomosViewController.swift */ = {isa = PBXFileReference; fileEncoding = 4; lastKnownFileType = sourcecode.swift; path = QuienesSomosViewController.swift; sourceTree = "<group>"; };
		497C8B271E98870900868C78 /* RegalosTableViewController.swift */ = {isa = PBXFileReference; fileEncoding = 4; lastKnownFileType = sourcecode.swift; path = RegalosTableViewController.swift; sourceTree = "<group>"; };
		497C8B281E98870900868C78 /* RegistroViewController.swift */ = {isa = PBXFileReference; fileEncoding = 4; lastKnownFileType = sourcecode.swift; path = RegistroViewController.swift; sourceTree = "<group>"; };
		497C8B291E98870900868C78 /* SearchControllerBaseViewController.swift */ = {isa = PBXFileReference; fileEncoding = 4; lastKnownFileType = sourcecode.swift; path = SearchControllerBaseViewController.swift; sourceTree = "<group>"; };
		497C8B2A1E98870900868C78 /* SearchResultsViewController.swift */ = {isa = PBXFileReference; fileEncoding = 4; lastKnownFileType = sourcecode.swift; path = SearchResultsViewController.swift; sourceTree = "<group>"; };
		497C8B2D1E98870900868C78 /* TutorialViewController.swift */ = {isa = PBXFileReference; fileEncoding = 4; lastKnownFileType = sourcecode.swift; path = TutorialViewController.swift; sourceTree = "<group>"; };
		497C8B2E1E98870900868C78 /* ViewController.swift */ = {isa = PBXFileReference; fileEncoding = 4; lastKnownFileType = sourcecode.swift; path = ViewController.swift; sourceTree = "<group>"; };
		497C8B581E98872900868C78 /* Images.xcassets */ = {isa = PBXFileReference; lastKnownFileType = folder.assetcatalog; path = Images.xcassets; sourceTree = "<group>"; };
		497C8B5F1E98877200868C78 /* Base */ = {isa = PBXFileReference; lastKnownFileType = file.xib; name = Base; path = Base.lproj/LaunchScreen.xib; sourceTree = "<group>"; };
		497C8B611E98877200868C78 /* Base */ = {isa = PBXFileReference; lastKnownFileType = file.storyboard; name = Base; path = Base.lproj/Main.storyboard; sourceTree = "<group>"; };
		497C8B661E98886F00868C78 /* FBSDKShareKit.framework */ = {isa = PBXFileReference; lastKnownFileType = wrapper.framework; path = FBSDKShareKit.framework; sourceTree = "<group>"; };
		497C8B681E9888CC00868C78 /* SWRevealViewController.h */ = {isa = PBXFileReference; lastKnownFileType = sourcecode.c.h; path = SWRevealViewController.h; sourceTree = "<group>"; };
		497C8B691E9888D300868C78 /* SWRevealViewController.m */ = {isa = PBXFileReference; fileEncoding = 4; lastKnownFileType = sourcecode.c.objc; path = SWRevealViewController.m; sourceTree = "<group>"; };
		499097A71E988D4F00FB5A35 /* PopUpViewControllerCompartir.xib */ = {isa = PBXFileReference; fileEncoding = 4; lastKnownFileType = file.xib; path = PopUpViewControllerCompartir.xib; sourceTree = "<group>"; };
		499097A91E988D5A00FB5A35 /* PopUpViewControllerDescripcion.xib */ = {isa = PBXFileReference; fileEncoding = 4; lastKnownFileType = file.xib; path = PopUpViewControllerDescripcion.xib; sourceTree = "<group>"; };
		499097AB1E988D6500FB5A35 /* PopUpViewControllerRecuperar.xib */ = {isa = PBXFileReference; fileEncoding = 4; lastKnownFileType = file.xib; path = PopUpViewControllerRecuperar.xib; sourceTree = "<group>"; };
		499097AD1E988D7600FB5A35 /* PopUpViewControllerRegistro.xib */ = {isa = PBXFileReference; fileEncoding = 4; lastKnownFileType = file.xib; path = PopUpViewControllerRegistro.xib; sourceTree = "<group>"; };
		499EB5DC1E957B1A00DF8A3B /* pinterestSwift-Bridging-Header.h */ = {isa = PBXFileReference; lastKnownFileType = sourcecode.c.h; path = "pinterestSwift-Bridging-Header.h"; sourceTree = "<group>"; };
		49F953981E9B4812009E50EF /* CocinaMex.entitlements */ = {isa = PBXFileReference; lastKnownFileType = text.plist.entitlements; path = CocinaMex.entitlements; sourceTree = "<group>"; };
		49F953991E9B481A009E50EF /* StoreKit.framework */ = {isa = PBXFileReference; lastKnownFileType = wrapper.framework; name = StoreKit.framework; path = System/Library/Frameworks/StoreKit.framework; sourceTree = SDKROOT; };
		563787181F5994C50098C12B /* RootViewController.swift */ = {isa = PBXFileReference; fileEncoding = 4; lastKnownFileType = sourcecode.swift; path = RootViewController.swift; sourceTree = "<group>"; };
		563787381F5F3BA40098C12B /* PaySuscriptionTableViewController.swift */ = {isa = PBXFileReference; fileEncoding = 4; lastKnownFileType = sourcecode.swift; path = PaySuscriptionTableViewController.swift; sourceTree = "<group>"; };
		5637873A1F5FFCC80098C12B /* SubscriptionService.swift */ = {isa = PBXFileReference; fileEncoding = 4; lastKnownFileType = sourcecode.swift; path = SubscriptionService.swift; sourceTree = "<group>"; };
		5637873C1F5FFD380098C12B /* Subscription.swift */ = {isa = PBXFileReference; fileEncoding = 4; lastKnownFileType = sourcecode.swift; path = Subscription.swift; sourceTree = "<group>"; };
		563DE2CA1F6B155D004F35A8 /* CustomViewController.swift */ = {isa = PBXFileReference; fileEncoding = 4; lastKnownFileType = sourcecode.swift; path = CustomViewController.swift; sourceTree = "<group>"; };
		56572A961F56BD0800E5C224 /* SuscripcionViewController.swift */ = {isa = PBXFileReference; fileEncoding = 4; lastKnownFileType = sourcecode.swift; path = SuscripcionViewController.swift; sourceTree = "<group>"; };
		567C07561F61410A006A459F /* PaidSubscription.swift */ = {isa = PBXFileReference; fileEncoding = 4; lastKnownFileType = sourcecode.swift; path = PaidSubscription.swift; sourceTree = "<group>"; };
		567C07571F61410A006A459F /* Session.swift */ = {isa = PBXFileReference; fileEncoding = 4; lastKnownFileType = sourcecode.swift; path = Session.swift; sourceTree = "<group>"; };
		567C07581F61410A006A459F /* SubService.swift */ = {isa = PBXFileReference; fileEncoding = 4; lastKnownFileType = sourcecode.swift; path = SubService.swift; sourceTree = "<group>"; };
		56F0D2D01F90DDD00069A3A3 /* GoogleService-Info.plist */ = {isa = PBXFileReference; fileEncoding = 4; lastKnownFileType = text.plist.xml; path = "GoogleService-Info.plist"; sourceTree = "<group>"; };
		695FC1E4CFFE7A62C0473AD6 /* Pods_CocinaMex.framework */ = {isa = PBXFileReference; explicitFileType = wrapper.framework; includeInIndex = 0; path = Pods_CocinaMex.framework; sourceTree = BUILT_PRODUCTS_DIR; };
		7E461913766910B920393502 /* Pods-CocinaMex.release.xcconfig */ = {isa = PBXFileReference; includeInIndex = 1; lastKnownFileType = text.xcconfig; name = "Pods-CocinaMex.release.xcconfig"; path = "Pods/Target Support Files/Pods-CocinaMex/Pods-CocinaMex.release.xcconfig"; sourceTree = "<group>"; };
		A7183BC9363F273B69DA3BD8 /* Pods-CocinaMex.debug.xcconfig */ = {isa = PBXFileReference; includeInIndex = 1; lastKnownFileType = text.xcconfig; name = "Pods-CocinaMex.debug.xcconfig"; path = "Pods/Target Support Files/Pods-CocinaMex/Pods-CocinaMex.debug.xcconfig"; sourceTree = "<group>"; };
/* End PBXFileReference section */

/* Begin PBXFrameworksBuildPhase section */
		492E5F2D1E9578E600A75DEC /* Frameworks */ = {
			isa = PBXFrameworksBuildPhase;
			buildActionMask = 2147483647;
			files = (
				497C8B671E98886F00868C78 /* FBSDKShareKit.framework in Frameworks */,
				49F9539A1E9B481A009E50EF /* StoreKit.framework in Frameworks */,
				E498B303570DC6C3B78DC422 /* Pods_CocinaMex.framework in Frameworks */,
			);
			runOnlyForDeploymentPostprocessing = 0;
		};
		492E5F411E9578E600A75DEC /* Frameworks */ = {
			isa = PBXFrameworksBuildPhase;
			buildActionMask = 2147483647;
			files = (
			);
			runOnlyForDeploymentPostprocessing = 0;
		};
		492E5F4C1E9578E600A75DEC /* Frameworks */ = {
			isa = PBXFrameworksBuildPhase;
			buildActionMask = 2147483647;
			files = (
			);
			runOnlyForDeploymentPostprocessing = 0;
		};
/* End PBXFrameworksBuildPhase section */

/* Begin PBXGroup section */
		237A9AB2A1FD7A6FFA98E2A5 /* Pods */ = {
			isa = PBXGroup;
			children = (
				A7183BC9363F273B69DA3BD8 /* Pods-CocinaMex.debug.xcconfig */,
				7E461913766910B920393502 /* Pods-CocinaMex.release.xcconfig */,
			);
			name = Pods;
			sourceTree = "<group>";
		};
		3B63C9B31F2A787100758EEB /* menu hamburger */ = {
			isa = PBXGroup;
			children = (
				497C8B691E9888D300868C78 /* SWRevealViewController.m */,
				497C8B681E9888CC00868C78 /* SWRevealViewController.h */,
			);
			name = "menu hamburger";
			sourceTree = "<group>";
		};
		3B63C9B41F2A789300758EEB /* Pop Ups */ = {
			isa = PBXGroup;
			children = (
				499097A71E988D4F00FB5A35 /* PopUpViewControllerCompartir.xib */,
				497C8B191E98870900868C78 /* PopUpViewControllerCompartir.swift */,
				499097A91E988D5A00FB5A35 /* PopUpViewControllerDescripcion.xib */,
				497C8B1A1E98870900868C78 /* PopUpViewControllerDescripcion.swift */,
				499097AB1E988D6500FB5A35 /* PopUpViewControllerRecuperar.xib */,
				497C8B1D1E98870900868C78 /* PopUpViewControllerRecuperar.swift */,
				499097AD1E988D7600FB5A35 /* PopUpViewControllerRegistro.xib */,
				497C8B1E1E98870900868C78 /* PopUpViewControllerRegistro.swift */,
				563DE2CA1F6B155D004F35A8 /* CustomViewController.swift */,
			);
			name = "Pop Ups";
			sourceTree = "<group>";
		};
		492E5F271E9578E500A75DEC = {
			isa = PBXGroup;
			children = (
				49F953981E9B4812009E50EF /* CocinaMex.entitlements */,
				492E5F321E9578E600A75DEC /* pinterestSwift */,
				492E5F471E9578E600A75DEC /* pinterestSwiftTests */,
				492E5F521E9578E600A75DEC /* pinterestSwiftUITests */,
				492E5F311E9578E600A75DEC /* Products */,
				237A9AB2A1FD7A6FFA98E2A5 /* Pods */,
				C0D8786353A9836D1825A2A6 /* Frameworks */,
			);
			sourceTree = "<group>";
		};
		492E5F311E9578E600A75DEC /* Products */ = {
			isa = PBXGroup;
			children = (
				492E5F301E9578E600A75DEC /* CocinaMex.app */,
				492E5F441E9578E600A75DEC /* pinterestSwiftTests.xctest */,
				492E5F4F1E9578E600A75DEC /* pinterestSwiftUITests.xctest */,
			);
			name = Products;
			sourceTree = "<group>";
		};
		492E5F321E9578E600A75DEC /* pinterestSwift */ = {
			isa = PBXGroup;
			children = (
				3B63C9B41F2A789300758EEB /* Pop Ups */,
				3B63C9B31F2A787100758EEB /* menu hamburger */,
				497C8B0C1E98870900868C78 /* ContentViewController.swift */,
				497C8B0E1E98870900868C78 /* FavoritosTableViewController.swift */,
				497C8B101E98870900868C78 /* MenuDeslizanteController.swift */,
				497C8B111E98870900868C78 /* MenuPlatillos.swift */,
				497C8B121E98870900868C78 /* MenuPlatillosTableViewCell.swift */,
				567C07561F61410A006A459F /* PaidSubscription.swift */,
				567C07571F61410A006A459F /* Session.swift */,
				567C07581F61410A006A459F /* SubService.swift */,
				497C8B151E98870900868C78 /* PageItemController.swift */,
				497C8B171E98870900868C78 /* PerfilViewController.swift */,
				497C8B181E98870900868C78 /* PlatillosViewController.swift */,
				497C8B221E98870900868C78 /* PrincipalTableViewCell.swift */,
				497C8B231E98870900868C78 /* PrincipalTableViewController.swift */,
				497C8B241E98870900868C78 /* Product.swift */,
				497C8B261E98870900868C78 /* QuienesSomosViewController.swift */,
				497C8B271E98870900868C78 /* RegalosTableViewController.swift */,
				497C8B281E98870900868C78 /* RegistroViewController.swift */,
				497C8B291E98870900868C78 /* SearchControllerBaseViewController.swift */,
				497C8B2A1E98870900868C78 /* SearchResultsViewController.swift */,
				497C8B5E1E98877200868C78 /* LaunchScreen.xib */,
				497C8B601E98877200868C78 /* Main.storyboard */,
				497C8B2D1E98870900868C78 /* TutorialViewController.swift */,
				497C8B2E1E98870900868C78 /* ViewController.swift */,
				492E5F331E9578E600A75DEC /* AppDelegate.swift */,
				497C8B581E98872900868C78 /* Images.xcassets */,
				492E5F3F1E9578E600A75DEC /* Info.plist */,
				499EB5DC1E957B1A00DF8A3B /* pinterestSwift-Bridging-Header.h */,
				56572A961F56BD0800E5C224 /* SuscripcionViewController.swift */,
				563787181F5994C50098C12B /* RootViewController.swift */,
				563787381F5F3BA40098C12B /* PaySuscriptionTableViewController.swift */,
				5637873A1F5FFCC80098C12B /* SubscriptionService.swift */,
				5637873C1F5FFD380098C12B /* Subscription.swift */,
				56F0D2D01F90DDD00069A3A3 /* GoogleService-Info.plist */,
			);
			path = pinterestSwift;
			sourceTree = "<group>";
		};
		492E5F471E9578E600A75DEC /* pinterestSwiftTests */ = {
			isa = PBXGroup;
			children = (
				492E5F481E9578E600A75DEC /* pinterestSwiftTests.swift */,
				492E5F4A1E9578E600A75DEC /* Info.plist */,
			);
			path = pinterestSwiftTests;
			sourceTree = "<group>";
		};
		492E5F521E9578E600A75DEC /* pinterestSwiftUITests */ = {
			isa = PBXGroup;
			children = (
				492E5F531E9578E600A75DEC /* pinterestSwiftUITests.swift */,
				492E5F551E9578E600A75DEC /* Info.plist */,
			);
			path = pinterestSwiftUITests;
			sourceTree = "<group>";
		};
		C0D8786353A9836D1825A2A6 /* Frameworks */ = {
			isa = PBXGroup;
			children = (
				49F953991E9B481A009E50EF /* StoreKit.framework */,
				497C8B661E98886F00868C78 /* FBSDKShareKit.framework */,
				695FC1E4CFFE7A62C0473AD6 /* Pods_CocinaMex.framework */,
			);
			name = Frameworks;
			sourceTree = "<group>";
		};
/* End PBXGroup section */

/* Begin PBXNativeTarget section */
		492E5F2F1E9578E600A75DEC /* CocinaMex */ = {
			isa = PBXNativeTarget;
			buildConfigurationList = 492E5F581E9578E600A75DEC /* Build configuration list for PBXNativeTarget "CocinaMex" */;
			buildPhases = (
				692207CA09AB92EDD3EF9058 /* [CP] Check Pods Manifest.lock */,
				492E5F2C1E9578E600A75DEC /* Sources */,
				492E5F2D1E9578E600A75DEC /* Frameworks */,
				492E5F2E1E9578E600A75DEC /* Resources */,
				5503C0CB8E71217353AF3340 /* [CP] Embed Pods Frameworks */,
				3300CFF19D68A86C87D9B1C4 /* [CP] Copy Pods Resources */,
				3B8E5D591EDE1FF100AA7DDC /* ShellScript */,
			);
			buildRules = (
			);
			dependencies = (
			);
			name = CocinaMex;
			productName = pinterestSwift;
			productReference = 492E5F301E9578E600A75DEC /* CocinaMex.app */;
			productType = "com.apple.product-type.application";
		};
		492E5F431E9578E600A75DEC /* pinterestSwiftTests */ = {
			isa = PBXNativeTarget;
			buildConfigurationList = 492E5F5B1E9578E600A75DEC /* Build configuration list for PBXNativeTarget "pinterestSwiftTests" */;
			buildPhases = (
				492E5F401E9578E600A75DEC /* Sources */,
				492E5F411E9578E600A75DEC /* Frameworks */,
				492E5F421E9578E600A75DEC /* Resources */,
			);
			buildRules = (
			);
			dependencies = (
				492E5F461E9578E600A75DEC /* PBXTargetDependency */,
			);
			name = pinterestSwiftTests;
			productName = pinterestSwiftTests;
			productReference = 492E5F441E9578E600A75DEC /* pinterestSwiftTests.xctest */;
			productType = "com.apple.product-type.bundle.unit-test";
		};
		492E5F4E1E9578E600A75DEC /* pinterestSwiftUITests */ = {
			isa = PBXNativeTarget;
			buildConfigurationList = 492E5F5E1E9578E600A75DEC /* Build configuration list for PBXNativeTarget "pinterestSwiftUITests" */;
			buildPhases = (
				492E5F4B1E9578E600A75DEC /* Sources */,
				492E5F4C1E9578E600A75DEC /* Frameworks */,
				492E5F4D1E9578E600A75DEC /* Resources */,
			);
			buildRules = (
			);
			dependencies = (
				492E5F511E9578E600A75DEC /* PBXTargetDependency */,
			);
			name = pinterestSwiftUITests;
			productName = pinterestSwiftUITests;
			productReference = 492E5F4F1E9578E600A75DEC /* pinterestSwiftUITests.xctest */;
			productType = "com.apple.product-type.bundle.ui-testing";
		};
/* End PBXNativeTarget section */

/* Begin PBXProject section */
		492E5F281E9578E500A75DEC /* Project object */ = {
			isa = PBXProject;
			attributes = {
				LastSwiftUpdateCheck = 0830;
				LastUpgradeCheck = 0830;
				ORGANIZATIONNAME = "Sergio Ivan Lopez Monzon";
				TargetAttributes = {
					492E5F2F1E9578E600A75DEC = {
						CreatedOnToolsVersion = 8.3;
						DevelopmentTeam = V7DJ56B5TU;
						LastSwiftMigration = 0830;
						ProvisioningStyle = Automatic;
						SystemCapabilities = {
							com.apple.InAppPurchase = {
								enabled = 1;
							};
							com.apple.Keychain = {
								enabled = 1;
							};
							com.apple.Push = {
								enabled = 1;
							};
						};
					};
					492E5F431E9578E600A75DEC = {
						CreatedOnToolsVersion = 8.3;
						ProvisioningStyle = Automatic;
						TestTargetID = 492E5F2F1E9578E600A75DEC;
					};
					492E5F4E1E9578E600A75DEC = {
						CreatedOnToolsVersion = 8.3;
						ProvisioningStyle = Automatic;
						TestTargetID = 492E5F2F1E9578E600A75DEC;
					};
				};
			};
			buildConfigurationList = 492E5F2B1E9578E500A75DEC /* Build configuration list for PBXProject "pinterestSwift" */;
			compatibilityVersion = "Xcode 3.2";
			developmentRegion = English;
			hasScannedForEncodings = 0;
			knownRegions = (
				en,
				Base,
			);
			mainGroup = 492E5F271E9578E500A75DEC;
			productRefGroup = 492E5F311E9578E600A75DEC /* Products */;
			projectDirPath = "";
			projectRoot = "";
			targets = (
				492E5F2F1E9578E600A75DEC /* CocinaMex */,
				492E5F431E9578E600A75DEC /* pinterestSwiftTests */,
				492E5F4E1E9578E600A75DEC /* pinterestSwiftUITests */,
			);
		};
/* End PBXProject section */

/* Begin PBXResourcesBuildPhase section */
		492E5F2E1E9578E600A75DEC /* Resources */ = {
			isa = PBXResourcesBuildPhase;
			buildActionMask = 2147483647;
			files = (
				499097AC1E988D6500FB5A35 /* PopUpViewControllerRecuperar.xib in Resources */,
				56F0D2D11F90DDD00069A3A3 /* GoogleService-Info.plist in Resources */,
				499097AA1E988D5A00FB5A35 /* PopUpViewControllerDescripcion.xib in Resources */,
				497C8B631E98877200868C78 /* Main.storyboard in Resources */,
				497C8B621E98877200868C78 /* LaunchScreen.xib in Resources */,
				499097AE1E988D7600FB5A35 /* PopUpViewControllerRegistro.xib in Resources */,
				499097A81E988D4F00FB5A35 /* PopUpViewControllerCompartir.xib in Resources */,
				497C8B591E98872900868C78 /* Images.xcassets in Resources */,
			);
			runOnlyForDeploymentPostprocessing = 0;
		};
		492E5F421E9578E600A75DEC /* Resources */ = {
			isa = PBXResourcesBuildPhase;
			buildActionMask = 2147483647;
			files = (
			);
			runOnlyForDeploymentPostprocessing = 0;
		};
		492E5F4D1E9578E600A75DEC /* Resources */ = {
			isa = PBXResourcesBuildPhase;
			buildActionMask = 2147483647;
			files = (
			);
			runOnlyForDeploymentPostprocessing = 0;
		};
/* End PBXResourcesBuildPhase section */

/* Begin PBXShellScriptBuildPhase section */
		3300CFF19D68A86C87D9B1C4 /* [CP] Copy Pods Resources */ = {
			isa = PBXShellScriptBuildPhase;
			buildActionMask = 2147483647;
			files = (
			);
			inputPaths = (
				"${SRCROOT}/Pods/Target Support Files/Pods-CocinaMex/Pods-CocinaMex-resources.sh",
				"${PODS_ROOT}/TwitterKit/iOS/TwitterKit.framework/TwitterKitResources.bundle",
				"${PODS_ROOT}/TwitterKit/iOS/TwitterKit.framework/TwitterShareExtensionUIResources.bundle",
			);
			name = "[CP] Copy Pods Resources";
			outputPaths = (
				"${TARGET_BUILD_DIR}/${UNLOCALIZED_RESOURCES_FOLDER_PATH}",
			);
			runOnlyForDeploymentPostprocessing = 0;
			shellPath = /bin/sh;
			shellScript = "\"${SRCROOT}/Pods/Target Support Files/Pods-CocinaMex/Pods-CocinaMex-resources.sh\"\n";
			showEnvVarsInLog = 0;
		};
		3B8E5D591EDE1FF100AA7DDC /* ShellScript */ = {
			isa = PBXShellScriptBuildPhase;
			buildActionMask = 2147483647;
			files = (
			);
			inputPaths = (
			);
			outputPaths = (
			);
			runOnlyForDeploymentPostprocessing = 0;
			shellPath = /bin/sh;
			shellScript = "\"${PODS_ROOT}/Fabric/run\" 61e0d9761208fae8cf2b241b23eb83a6ef7d1528 9571d3ac0b1b75bbe58cbed8fe1f7f67d5fc81b7b51eb03abe1060af9c9165c4";
		};
		5503C0CB8E71217353AF3340 /* [CP] Embed Pods Frameworks */ = {
			isa = PBXShellScriptBuildPhase;
			buildActionMask = 2147483647;
			files = (
			);
			inputPaths = (
				"${SRCROOT}/Pods/Target Support Files/Pods-CocinaMex/Pods-CocinaMex-frameworks.sh",
				"${BUILT_PRODUCTS_DIR}/AFNetworking/AFNetworking.framework",
				"${BUILT_PRODUCTS_DIR}/Alamofire/Alamofire.framework",
				"${BUILT_PRODUCTS_DIR}/Bolts/Bolts.framework",
				"${BUILT_PRODUCTS_DIR}/FBSDKCoreKit/FBSDKCoreKit.framework",
				"${BUILT_PRODUCTS_DIR}/FBSDKLoginKit/FBSDKLoginKit.framework",
				"${BUILT_PRODUCTS_DIR}/GoogleToolboxForMac/GoogleToolboxForMac.framework",
				"${BUILT_PRODUCTS_DIR}/Parse/Parse.framework",
				"${BUILT_PRODUCTS_DIR}/ParseFacebookUtilsV4/ParseFacebookUtilsV4.framework",
				"${BUILT_PRODUCTS_DIR}/PinterestSDK/PinterestSDK.framework",
				"${BUILT_PRODUCTS_DIR}/Protobuf/Protobuf.framework",
				"${BUILT_PRODUCTS_DIR}/SAMKeychain/SAMKeychain.framework",
				"${BUILT_PRODUCTS_DIR}/nanopb/nanopb.framework",
			);
			name = "[CP] Embed Pods Frameworks";
			outputPaths = (
				"${TARGET_BUILD_DIR}/${FRAMEWORKS_FOLDER_PATH}/AFNetworking.framework",
				"${TARGET_BUILD_DIR}/${FRAMEWORKS_FOLDER_PATH}/Alamofire.framework",
				"${TARGET_BUILD_DIR}/${FRAMEWORKS_FOLDER_PATH}/Bolts.framework",
				"${TARGET_BUILD_DIR}/${FRAMEWORKS_FOLDER_PATH}/FBSDKCoreKit.framework",
				"${TARGET_BUILD_DIR}/${FRAMEWORKS_FOLDER_PATH}/FBSDKLoginKit.framework",
				"${TARGET_BUILD_DIR}/${FRAMEWORKS_FOLDER_PATH}/GoogleToolboxForMac.framework",
				"${TARGET_BUILD_DIR}/${FRAMEWORKS_FOLDER_PATH}/Parse.framework",
				"${TARGET_BUILD_DIR}/${FRAMEWORKS_FOLDER_PATH}/ParseFacebookUtilsV4.framework",
				"${TARGET_BUILD_DIR}/${FRAMEWORKS_FOLDER_PATH}/PinterestSDK.framework",
				"${TARGET_BUILD_DIR}/${FRAMEWORKS_FOLDER_PATH}/Protobuf.framework",
				"${TARGET_BUILD_DIR}/${FRAMEWORKS_FOLDER_PATH}/SAMKeychain.framework",
				"${TARGET_BUILD_DIR}/${FRAMEWORKS_FOLDER_PATH}/nanopb.framework",
			);
			runOnlyForDeploymentPostprocessing = 0;
			shellPath = /bin/sh;
			shellScript = "\"${SRCROOT}/Pods/Target Support Files/Pods-CocinaMex/Pods-CocinaMex-frameworks.sh\"\n";
			showEnvVarsInLog = 0;
		};
		692207CA09AB92EDD3EF9058 /* [CP] Check Pods Manifest.lock */ = {
			isa = PBXShellScriptBuildPhase;
			buildActionMask = 2147483647;
			files = (
			);
			inputPaths = (
				"${PODS_PODFILE_DIR_PATH}/Podfile.lock",
				"${PODS_ROOT}/Manifest.lock",
			);
			name = "[CP] Check Pods Manifest.lock";
			outputPaths = (
				"$(DERIVED_FILE_DIR)/Pods-CocinaMex-checkManifestLockResult.txt",
			);
			runOnlyForDeploymentPostprocessing = 0;
			shellPath = /bin/sh;
			shellScript = "diff \"${PODS_PODFILE_DIR_PATH}/Podfile.lock\" \"${PODS_ROOT}/Manifest.lock\" > /dev/null\nif [ $? != 0 ] ; then\n    # print error to STDERR\n    echo \"error: The sandbox is not in sync with the Podfile.lock. Run 'pod install' or update your CocoaPods installation.\" >&2\n    exit 1\nfi\n# This output is used by Xcode 'outputs' to avoid re-running this script phase.\necho \"SUCCESS\" > \"${SCRIPT_OUTPUT_FILE_0}\"\n";
			showEnvVarsInLog = 0;
		};
/* End PBXShellScriptBuildPhase section */

/* Begin PBXSourcesBuildPhase section */
		492E5F2C1E9578E600A75DEC /* Sources */ = {
			isa = PBXSourcesBuildPhase;
			buildActionMask = 2147483647;
			files = (
				492E5F341E9578E600A75DEC /* AppDelegate.swift in Sources */,
				497C8B4A1E98870900868C78 /* PrincipalTableViewCell.swift in Sources */,
				563787391F5F3BA40098C12B /* PaySuscriptionTableViewController.swift in Sources */,
				497C8B511E98870900868C78 /* SearchControllerBaseViewController.swift in Sources */,
				497C8B6A1E9888D300868C78 /* SWRevealViewController.m in Sources */,
				563787191F5994C50098C12B /* RootViewController.swift in Sources */,
				567C075B1F61410A006A459F /* SubService.swift in Sources */,
				5637873B1F5FFCC80098C12B /* SubscriptionService.swift in Sources */,
				497C8B4F1E98870900868C78 /* RegalosTableViewController.swift in Sources */,
				497C8B381E98870900868C78 /* MenuDeslizanteController.swift in Sources */,
				497C8B391E98870900868C78 /* MenuPlatillos.swift in Sources */,
				497C8B4E1E98870900868C78 /* QuienesSomosViewController.swift in Sources */,
				497C8B341E98870900868C78 /* ContentViewController.swift in Sources */,
				5637873D1F5FFD380098C12B /* Subscription.swift in Sources */,
				497C8B411E98870900868C78 /* PopUpViewControllerCompartir.swift in Sources */,
				497C8B361E98870900868C78 /* FavoritosTableViewController.swift in Sources */,
				497C8B501E98870900868C78 /* RegistroViewController.swift in Sources */,
				567C07591F61410A006A459F /* PaidSubscription.swift in Sources */,
				563DE2CB1F6B155D004F35A8 /* CustomViewController.swift in Sources */,
				56572A971F56BD0800E5C224 /* SuscripcionViewController.swift in Sources */,
				497C8B551E98870900868C78 /* TutorialViewController.swift in Sources */,
				567C075A1F61410A006A459F /* Session.swift in Sources */,
				497C8B401E98870900868C78 /* PlatillosViewController.swift in Sources */,
				497C8B4C1E98870900868C78 /* Product.swift in Sources */,
				497C8B421E98870900868C78 /* PopUpViewControllerDescripcion.swift in Sources */,
				497C8B4B1E98870900868C78 /* PrincipalTableViewController.swift in Sources */,
				497C8B521E98870900868C78 /* SearchResultsViewController.swift in Sources */,
				497C8B451E98870900868C78 /* PopUpViewControllerRecuperar.swift in Sources */,
				497C8B561E98870900868C78 /* ViewController.swift in Sources */,
				497C8B3D1E98870900868C78 /* PageItemController.swift in Sources */,
				497C8B461E98870900868C78 /* PopUpViewControllerRegistro.swift in Sources */,
				497C8B3F1E98870900868C78 /* PerfilViewController.swift in Sources */,
				497C8B3A1E98870900868C78 /* MenuPlatillosTableViewCell.swift in Sources */,
			);
			runOnlyForDeploymentPostprocessing = 0;
		};
		492E5F401E9578E600A75DEC /* Sources */ = {
			isa = PBXSourcesBuildPhase;
			buildActionMask = 2147483647;
			files = (
				492E5F491E9578E600A75DEC /* pinterestSwiftTests.swift in Sources */,
			);
			runOnlyForDeploymentPostprocessing = 0;
		};
		492E5F4B1E9578E600A75DEC /* Sources */ = {
			isa = PBXSourcesBuildPhase;
			buildActionMask = 2147483647;
			files = (
				492E5F541E9578E600A75DEC /* pinterestSwiftUITests.swift in Sources */,
			);
			runOnlyForDeploymentPostprocessing = 0;
		};
/* End PBXSourcesBuildPhase section */

/* Begin PBXTargetDependency section */
		492E5F461E9578E600A75DEC /* PBXTargetDependency */ = {
			isa = PBXTargetDependency;
			target = 492E5F2F1E9578E600A75DEC /* CocinaMex */;
			targetProxy = 492E5F451E9578E600A75DEC /* PBXContainerItemProxy */;
		};
		492E5F511E9578E600A75DEC /* PBXTargetDependency */ = {
			isa = PBXTargetDependency;
			target = 492E5F2F1E9578E600A75DEC /* CocinaMex */;
			targetProxy = 492E5F501E9578E600A75DEC /* PBXContainerItemProxy */;
		};
/* End PBXTargetDependency section */

/* Begin PBXVariantGroup section */
		497C8B5E1E98877200868C78 /* LaunchScreen.xib */ = {
			isa = PBXVariantGroup;
			children = (
				497C8B5F1E98877200868C78 /* Base */,
			);
			name = LaunchScreen.xib;
			sourceTree = "<group>";
		};
		497C8B601E98877200868C78 /* Main.storyboard */ = {
			isa = PBXVariantGroup;
			children = (
				497C8B611E98877200868C78 /* Base */,
			);
			name = Main.storyboard;
			sourceTree = "<group>";
		};
/* End PBXVariantGroup section */

/* Begin XCBuildConfiguration section */
		492E5F561E9578E600A75DEC /* Debug */ = {
			isa = XCBuildConfiguration;
			buildSettings = {
				ALWAYS_SEARCH_USER_PATHS = NO;
				CLANG_ANALYZER_NONNULL = YES;
				CLANG_ANALYZER_NUMBER_OBJECT_CONVERSION = YES_AGGRESSIVE;
				CLANG_CXX_LANGUAGE_STANDARD = "gnu++0x";
				CLANG_CXX_LIBRARY = "libc++";
				CLANG_ENABLE_MODULES = YES;
				CLANG_ENABLE_OBJC_ARC = YES;
				CLANG_WARN_BOOL_CONVERSION = YES;
				CLANG_WARN_CONSTANT_CONVERSION = YES;
				CLANG_WARN_DIRECT_OBJC_ISA_USAGE = YES_ERROR;
				CLANG_WARN_DOCUMENTATION_COMMENTS = YES;
				CLANG_WARN_EMPTY_BODY = YES;
				CLANG_WARN_ENUM_CONVERSION = YES;
				CLANG_WARN_INFINITE_RECURSION = YES;
				CLANG_WARN_INT_CONVERSION = YES;
				CLANG_WARN_OBJC_ROOT_CLASS = YES_ERROR;
				CLANG_WARN_SUSPICIOUS_MOVE = YES;
				CLANG_WARN_UNREACHABLE_CODE = YES;
				CLANG_WARN__DUPLICATE_METHOD_MATCH = YES;
				"CODE_SIGN_IDENTITY[sdk=iphoneos*]" = "iPhone Developer";
				COPY_PHASE_STRIP = NO;
				DEBUG_INFORMATION_FORMAT = dwarf;
				ENABLE_STRICT_OBJC_MSGSEND = YES;
				ENABLE_TESTABILITY = YES;
				GCC_C_LANGUAGE_STANDARD = gnu99;
				GCC_DYNAMIC_NO_PIC = NO;
				GCC_NO_COMMON_BLOCKS = YES;
				GCC_OPTIMIZATION_LEVEL = 0;
				GCC_PREPROCESSOR_DEFINITIONS = (
					"DEBUG=1",
					"$(inherited)",
				);
				GCC_WARN_64_TO_32_BIT_CONVERSION = YES;
				GCC_WARN_ABOUT_RETURN_TYPE = YES_ERROR;
				GCC_WARN_UNDECLARED_SELECTOR = YES;
				GCC_WARN_UNINITIALIZED_AUTOS = YES_AGGRESSIVE;
				GCC_WARN_UNUSED_FUNCTION = YES;
				GCC_WARN_UNUSED_VARIABLE = YES;
				IPHONEOS_DEPLOYMENT_TARGET = 10.3;
				MTL_ENABLE_DEBUG_INFO = YES;
				ONLY_ACTIVE_ARCH = YES;
				SDKROOT = iphoneos;
				SWIFT_ACTIVE_COMPILATION_CONDITIONS = DEBUG;
				SWIFT_OPTIMIZATION_LEVEL = "-Onone";
				TARGETED_DEVICE_FAMILY = "1,2";
			};
			name = Debug;
		};
		492E5F571E9578E600A75DEC /* Release */ = {
			isa = XCBuildConfiguration;
			buildSettings = {
				ALWAYS_SEARCH_USER_PATHS = NO;
				CLANG_ANALYZER_NONNULL = YES;
				CLANG_ANALYZER_NUMBER_OBJECT_CONVERSION = YES_AGGRESSIVE;
				CLANG_CXX_LANGUAGE_STANDARD = "gnu++0x";
				CLANG_CXX_LIBRARY = "libc++";
				CLANG_ENABLE_MODULES = YES;
				CLANG_ENABLE_OBJC_ARC = YES;
				CLANG_WARN_BOOL_CONVERSION = YES;
				CLANG_WARN_CONSTANT_CONVERSION = YES;
				CLANG_WARN_DIRECT_OBJC_ISA_USAGE = YES_ERROR;
				CLANG_WARN_DOCUMENTATION_COMMENTS = YES;
				CLANG_WARN_EMPTY_BODY = YES;
				CLANG_WARN_ENUM_CONVERSION = YES;
				CLANG_WARN_INFINITE_RECURSION = YES;
				CLANG_WARN_INT_CONVERSION = YES;
				CLANG_WARN_OBJC_ROOT_CLASS = YES_ERROR;
				CLANG_WARN_SUSPICIOUS_MOVE = YES;
				CLANG_WARN_UNREACHABLE_CODE = YES;
				CLANG_WARN__DUPLICATE_METHOD_MATCH = YES;
				"CODE_SIGN_IDENTITY[sdk=iphoneos*]" = "iPhone Developer";
				COPY_PHASE_STRIP = NO;
				DEBUG_INFORMATION_FORMAT = "dwarf-with-dsym";
				ENABLE_NS_ASSERTIONS = NO;
				ENABLE_STRICT_OBJC_MSGSEND = YES;
				GCC_C_LANGUAGE_STANDARD = gnu99;
				GCC_NO_COMMON_BLOCKS = YES;
				GCC_WARN_64_TO_32_BIT_CONVERSION = YES;
				GCC_WARN_ABOUT_RETURN_TYPE = YES_ERROR;
				GCC_WARN_UNDECLARED_SELECTOR = YES;
				GCC_WARN_UNINITIALIZED_AUTOS = YES_AGGRESSIVE;
				GCC_WARN_UNUSED_FUNCTION = YES;
				GCC_WARN_UNUSED_VARIABLE = YES;
				IPHONEOS_DEPLOYMENT_TARGET = 10.3;
				MTL_ENABLE_DEBUG_INFO = NO;
				SDKROOT = iphoneos;
				SWIFT_OPTIMIZATION_LEVEL = "-Owholemodule";
				TARGETED_DEVICE_FAMILY = "1,2";
				VALIDATE_PRODUCT = YES;
			};
			name = Release;
		};
		492E5F591E9578E600A75DEC /* Debug */ = {
			isa = XCBuildConfiguration;
			baseConfigurationReference = A7183BC9363F273B69DA3BD8 /* Pods-CocinaMex.debug.xcconfig */;
			buildSettings = {
				ASSETCATALOG_COMPILER_APPICON_NAME = AppIcon;
				CLANG_ENABLE_MODULES = YES;
				CODE_SIGN_ENTITLEMENTS = CocinaMex.entitlements;
				CODE_SIGN_IDENTITY = "iPhone Developer";
				"CODE_SIGN_IDENTITY[sdk=iphoneos*]" = "iPhone Developer";
				DEVELOPMENT_TEAM = V7DJ56B5TU;
				FRAMEWORK_SEARCH_PATHS = (
					"$(inherited)",
					"\"$PODS_CONFIGURATION_BUILD_DIR/AFNetworking\"",
					"\"$PODS_CONFIGURATION_BUILD_DIR/Alamofire\"",
					"\"$PODS_CONFIGURATION_BUILD_DIR/Bolts\"",
					"\"$PODS_CONFIGURATION_BUILD_DIR/FBSDKCoreKit\"",
					"\"$PODS_CONFIGURATION_BUILD_DIR/FBSDKLoginKit\"",
					"\"$PODS_CONFIGURATION_BUILD_DIR/Parse\"",
					"\"$PODS_CONFIGURATION_BUILD_DIR/ParseFacebookUtilsV4\"",
					"\"$PODS_CONFIGURATION_BUILD_DIR/PinterestSDK\"",
					"\"$PODS_CONFIGURATION_BUILD_DIR/SAMKeychain\"",
					"$(PROJECT_DIR)",
				);
				INFOPLIST_FILE = pinterestSwift/Info.plist;
				IPHONEOS_DEPLOYMENT_TARGET = 10.0;
				LD_RUNPATH_SEARCH_PATHS = "$(inherited) @executable_path/Frameworks";
				LIBRARY_SEARCH_PATHS = "$(PROJECT_DIR)";
				PRODUCT_BUNDLE_IDENTIFIER = com.devworms.cocinasmexicanas;
				PRODUCT_NAME = "$(TARGET_NAME)";
				PROVISIONING_PROFILE = "";
				PROVISIONING_PROFILE_SPECIFIER = "";
				SWIFT_OBJC_BRIDGING_HEADER = "pinterestSwift/pinterestSwift-Bridging-Header.h";
				SWIFT_OPTIMIZATION_LEVEL = "-Onone";
				SWIFT_VERSION = 3.0;
			};
			name = Debug;
		};
		492E5F5A1E9578E600A75DEC /* Release */ = {
			isa = XCBuildConfiguration;
			baseConfigurationReference = 7E461913766910B920393502 /* Pods-CocinaMex.release.xcconfig */;
			buildSettings = {
				ASSETCATALOG_COMPILER_APPICON_NAME = AppIcon;
				CLANG_ENABLE_MODULES = YES;
				CODE_SIGN_ENTITLEMENTS = CocinaMex.entitlements;
				CODE_SIGN_IDENTITY = "iPhone Distribution: Editorial Toukan S.A. de C.V. (V7DJ56B5TU)";
				"CODE_SIGN_IDENTITY[sdk=iphoneos*]" = "iPhone Developer";
				DEVELOPMENT_TEAM = V7DJ56B5TU;
				FRAMEWORK_SEARCH_PATHS = (
					"$(inherited)",
					"\"$PODS_CONFIGURATION_BUILD_DIR/AFNetworking\"",
					"\"$PODS_CONFIGURATION_BUILD_DIR/Alamofire\"",
					"\"$PODS_CONFIGURATION_BUILD_DIR/Bolts\"",
					"\"$PODS_CONFIGURATION_BUILD_DIR/FBSDKCoreKit\"",
					"\"$PODS_CONFIGURATION_BUILD_DIR/FBSDKLoginKit\"",
					"\"$PODS_CONFIGURATION_BUILD_DIR/Parse\"",
					"\"$PODS_CONFIGURATION_BUILD_DIR/ParseFacebookUtilsV4\"",
					"\"$PODS_CONFIGURATION_BUILD_DIR/PinterestSDK\"",
					"\"$PODS_CONFIGURATION_BUILD_DIR/SAMKeychain\"",
					"$(PROJECT_DIR)",
				);
				INFOPLIST_FILE = pinterestSwift/Info.plist;
				IPHONEOS_DEPLOYMENT_TARGET = 10.0;
				LD_RUNPATH_SEARCH_PATHS = "$(inherited) @executable_path/Frameworks";
				LIBRARY_SEARCH_PATHS = "$(PROJECT_DIR)";
				PRODUCT_BUNDLE_IDENTIFIER = com.devworms.cocinasmexicanas;
				PRODUCT_NAME = "$(TARGET_NAME)";
				PROVISIONING_PROFILE = "";
				PROVISIONING_PROFILE_SPECIFIER = "";
				SWIFT_OBJC_BRIDGING_HEADER = "pinterestSwift/pinterestSwift-Bridging-Header.h";
				SWIFT_VERSION = 3.0;
			};
			name = Release;
		};
		492E5F5C1E9578E600A75DEC /* Debug */ = {
			isa = XCBuildConfiguration;
			buildSettings = {
				ALWAYS_EMBED_SWIFT_STANDARD_LIBRARIES = YES;
				BUNDLE_LOADER = "$(TEST_HOST)";
				INFOPLIST_FILE = pinterestSwiftTests/Info.plist;
				LD_RUNPATH_SEARCH_PATHS = "$(inherited) @executable_path/Frameworks @loader_path/Frameworks";
				PRODUCT_BUNDLE_IDENTIFIER = com.devworms.pinterestSwiftTests;
				PRODUCT_NAME = "$(TARGET_NAME)";
				SWIFT_VERSION = 3.0;
				TEST_HOST = "$(BUILT_PRODUCTS_DIR)/pinterestSwift.app/pinterestSwift";
			};
			name = Debug;
		};
		492E5F5D1E9578E600A75DEC /* Release */ = {
			isa = XCBuildConfiguration;
			buildSettings = {
				ALWAYS_EMBED_SWIFT_STANDARD_LIBRARIES = YES;
				BUNDLE_LOADER = "$(TEST_HOST)";
				INFOPLIST_FILE = pinterestSwiftTests/Info.plist;
				LD_RUNPATH_SEARCH_PATHS = "$(inherited) @executable_path/Frameworks @loader_path/Frameworks";
				PRODUCT_BUNDLE_IDENTIFIER = com.devworms.pinterestSwiftTests;
				PRODUCT_NAME = "$(TARGET_NAME)";
				SWIFT_VERSION = 3.0;
				TEST_HOST = "$(BUILT_PRODUCTS_DIR)/pinterestSwift.app/pinterestSwift";
			};
			name = Release;
		};
		492E5F5F1E9578E600A75DEC /* Debug */ = {
			isa = XCBuildConfiguration;
			buildSettings = {
				ALWAYS_EMBED_SWIFT_STANDARD_LIBRARIES = YES;
				INFOPLIST_FILE = pinterestSwiftUITests/Info.plist;
				LD_RUNPATH_SEARCH_PATHS = "$(inherited) @executable_path/Frameworks @loader_path/Frameworks";
				PRODUCT_BUNDLE_IDENTIFIER = com.devworms.pinterestSwiftUITests;
				PRODUCT_NAME = "$(TARGET_NAME)";
				SWIFT_VERSION = 3.0;
				TEST_TARGET_NAME = pinterestSwift;
			};
			name = Debug;
		};
		492E5F601E9578E600A75DEC /* Release */ = {
			isa = XCBuildConfiguration;
			buildSettings = {
				ALWAYS_EMBED_SWIFT_STANDARD_LIBRARIES = YES;
				INFOPLIST_FILE = pinterestSwiftUITests/Info.plist;
				LD_RUNPATH_SEARCH_PATHS = "$(inherited) @executable_path/Frameworks @loader_path/Frameworks";
				PRODUCT_BUNDLE_IDENTIFIER = com.devworms.pinterestSwiftUITests;
				PRODUCT_NAME = "$(TARGET_NAME)";
				SWIFT_VERSION = 3.0;
				TEST_TARGET_NAME = pinterestSwift;
			};
			name = Release;
		};
/* End XCBuildConfiguration section */

/* Begin XCConfigurationList section */
		492E5F2B1E9578E500A75DEC /* Build configuration list for PBXProject "pinterestSwift" */ = {
			isa = XCConfigurationList;
			buildConfigurations = (
				492E5F561E9578E600A75DEC /* Debug */,
				492E5F571E9578E600A75DEC /* Release */,
			);
			defaultConfigurationIsVisible = 0;
			defaultConfigurationName = Release;
		};
		492E5F581E9578E600A75DEC /* Build configuration list for PBXNativeTarget "CocinaMex" */ = {
			isa = XCConfigurationList;
			buildConfigurations = (
				492E5F591E9578E600A75DEC /* Debug */,
				492E5F5A1E9578E600A75DEC /* Release */,
			);
			defaultConfigurationIsVisible = 0;
			defaultConfigurationName = Release;
		};
		492E5F5B1E9578E600A75DEC /* Build configuration list for PBXNativeTarget "pinterestSwiftTests" */ = {
			isa = XCConfigurationList;
			buildConfigurations = (
				492E5F5C1E9578E600A75DEC /* Debug */,
				492E5F5D1E9578E600A75DEC /* Release */,
			);
			defaultConfigurationIsVisible = 0;
			defaultConfigurationName = Release;
		};
		492E5F5E1E9578E600A75DEC /* Build configuration list for PBXNativeTarget "pinterestSwiftUITests" */ = {
			isa = XCConfigurationList;
			buildConfigurations = (
				492E5F5F1E9578E600A75DEC /* Debug */,
				492E5F601E9578E600A75DEC /* Release */,
			);
			defaultConfigurationIsVisible = 0;
			defaultConfigurationName = Release;
		};
/* End XCConfigurationList section */
	};
	rootObject = 492E5F281E9578E500A75DEC /* Project object */;
}
